# THIS IS AN AUTOGENERATED FILE. DO NOT EDIT THIS FILE DIRECTLY.
# yarn lockfile v1


base64-js@1.5.1:
  version "1.5.1"
  resolved "https://registry.yarnpkg.com/base64-js/-/base64-js-1.5.1.tgz#1b1b440160a5bf7ad40b650f095963481903930a"
  integrity sha512-AKpaYlHn8t4SVbOHCy+b5+KKgvR4vrsD8vbvrbiQJps7fKDTkjkDry6ji0rUJjC0kzbNePLwzxq8iypo41qeWA==

debug@4.3.4:
  version "4.3.4"
  resolved "https://registry.yarnpkg.com/debug/-/debug-4.3.4.tgz#1319f6579357f2338d3337d2cdd4914bb5dcc865"
  integrity sha512-PRWFHuSU3eDtQJPvnNY7Jcket1j0t5OuOsFzPPzsekD52Zl8qUfFIPEiswXqIvHWGVHOgX+7G/vCNNhehwxfkQ==
  dependencies:
    ms "2.1.2"

event-target-shim@6.0.2:
  version "6.0.2"
  resolved "https://registry.yarnpkg.com/event-target-shim/-/event-target-shim-6.0.2.tgz#ea5348c3618ee8b62ff1d344f01908ee2b8a2b71"
  integrity sha512-8q3LsZjRezbFZ2PN+uP+Q7pnHUMmAOziU2vA2OwoFaKIXxlxl38IylhSSgUorWu/rf4er67w0ikBqjBFk/pomA==

ms@2.1.2:
  version "2.1.2"
  resolved "https://registry.yarnpkg.com/ms/-/ms-2.1.2.tgz#d09d1f357b443f493382a8eb3ccd183872ae6009"
  integrity sha512-sGkPx+VjMtmA6MX27oA4FBFELFCZZ4S4XqeGOXCv68tT+jb3vk/RyaKWP0PTKyWtmLSM0b+adUTEvbs1PEaH2w==

react-native-webrtc@^124.0.5:
  version "124.0.5"
  resolved "https://registry.yarnpkg.com/react-native-webrtc/-/react-native-webrtc-124.0.5.tgz#9cb6174c2dcf63b61d15a99755fa498f7bbb8b73"
  integrity sha512-LIQJKst+t53bJOcQef9VXuz3pVheSBUA4olQGkxosbF4pHW1gsWoXYmf6wmI2zrqOA+aZsjjB6aT9AKLyr6a0Q==
  dependencies:
    base64-js "1.5.1"
    debug "4.3.4"
    event-target-shim "6.0.2"
